
Microsoft Visual Studio Solution File, Format Version 12.00
# Visual Studio Version 17
VisualStudioVersion = 17.3.32819.101
MinimumVisualStudioVersion = 10.0.40219.1
Project("{9A19103F-16F7-4668-BE54-9A1E7A4F7556}") = "BlazorGridTests.Module", "BlazorGridTests.Module\BlazorGridTests.Module.csproj", "{56504057-7CB5-4375-AC67-4F33DE92818F}"
EndProject
Project("{9A19103F-16F7-4668-BE54-9A1E7A4F7556}") = "BlazorGridTests.Blazor.Server", "BlazorGridTests.Blazor.Server\BlazorGridTests.Blazor.Server.csproj", "{E8D4317C-FE57-4B6A-827F-60A632E1261F}"
EndProject
Global
	GlobalSection(SolutionConfigurationPlatforms) = preSolution
		Debug|Any CPU = Debug|Any CPU
		EasyTest|Any CPU = EasyTest|Any CPU
		Release|Any CPU = Release|Any CPU
	EndGlobalSection
	GlobalSection(ProjectConfigurationPlatforms) = postSolution
		{56504057-7CB5-4375-AC67-4F33DE92818F}.Debug|Any CPU.ActiveCfg = Debug|Any CPU
		{56504057-7CB5-4375-AC67-4F33DE92818F}.Debug|Any CPU.Build.0 = Debug|Any CPU
		{56504057-7CB5-4375-AC67-4F33DE92818F}.EasyTest|Any CPU.ActiveCfg = EasyTest|Any CPU
		{56504057-7CB5-4375-AC67-4F33DE92818F}.EasyTest|Any CPU.Build.0 = EasyTest|Any CPU
		{56504057-7CB5-4375-AC67-4F33DE92818F}.Release|Any CPU.ActiveCfg = Release|Any CPU
		{56504057-7CB5-4375-AC67-4F33DE92818F}.Release|Any CPU.Build.0 = Release|Any CPU
		{E8D4317C-FE57-4B6A-827F-60A632E1261F}.Debug|Any CPU.ActiveCfg = Debug|Any CPU
		{E8D4317C-FE57-4B6A-827F-60A632E1261F}.Debug|Any CPU.Build.0 = Debug|Any CPU
		{E8D4317C-FE57-4B6A-827F-60A632E1261F}.EasyTest|Any CPU.ActiveCfg = EasyTest|Any CPU
		{E8D4317C-FE57-4B6A-827F-60A632E1261F}.EasyTest|Any CPU.Build.0 = EasyTest|Any CPU
		{E8D4317C-FE57-4B6A-827F-60A632E1261F}.Release|Any CPU.ActiveCfg = Release|Any CPU
		{E8D4317C-FE57-4B6A-827F-60A632E1261F}.Release|Any CPU.Build.0 = Release|Any CPU
	EndGlobalSection
	GlobalSection(SolutionProperties) = preSolution
		HideSolutionNode = FALSE
	EndGlobalSection
	GlobalSection(ExtensibilityGlobals) = postSolution
		SolutionGuid = {4EE2F729-3519-4978-B30C-CB4FB40E816B}
	EndGlobalSection
EndGlobal
